
Microsoft Visual Studio Solution File, Format Version 12.00
# Visual Studio Version 16
VisualStudioVersion = 16.0.29728.190
MinimumVisualStudioVersion = 10.0.40219.1
Project("{8BC9CEB8-8B4A-11D0-8D11-00A0C91BC942}") = "Learn_cpp", "Learn_cpp\Learn_cpp.vcxproj", "{BF789323-1DA4-4882-9A8A-A9B338835FE9}"
EndProject
Project("{8BC9CEB8-8B4A-11D0-8D11-00A0C91BC942}") = "cppLearn", "cppLearn\cppLearn.vcxproj", "{2AFC19DD-09D3-4C59-86C7-80DF93AD5B80}"
EndProject
Project("{8BC9CEB8-8B4A-11D0-8D11-00A0C91BC942}") = "test", "test\test.vcxproj", "{8DD0963E-0402-41D8-92DE-0C02101964AF}"
EndProject
Project("{8BC9CEB8-8B4A-11D0-8D11-00A0C91BC942}") = "MyThread", "MyThread\MyThread.vcxproj", "{40D1CE13-74DD-4501-B6D9-6FA5B6EF43E2}"
EndProject
Project("{8BC9CEB8-8B4A-11D0-8D11-00A0C91BC942}") = "MyThread_obj", "MyThread_obj\MyThread_obj.vcxproj", "{BA9F3F49-C205-4D73-A460-AFD4B182AF88}"
EndProject
Project("{8BC9CEB8-8B4A-11D0-8D11-00A0C91BC942}") = "qevent", "qevent\qevent.vcxproj", "{31434E84-969E-479D-9E3D-0DBA15912587}"
EndProject
Project("{8BC9CEB8-8B4A-11D0-8D11-00A0C91BC942}") = "qt_test", "qt_test\qt_test.vcxproj", "{16159420-46DB-41B1-B935-B82665E3451C}"
EndProject
Project("{8BC9CEB8-8B4A-11D0-8D11-00A0C91BC942}") = "thread_test", "thread_test\thread_test.vcxproj", "{64EA1044-E590-4C14-B51E-A25320AA09B1}"
EndProject
Project("{8BC9CEB8-8B4A-11D0-8D11-00A0C91BC942}") = "OpenGLWindow", "OpenGLWindow\OpenGLWindow.vcxproj", "{3AE41B28-2C60-4198-A5CA-91561434FE7B}"
EndProject
Project("{8BC9CEB8-8B4A-11D0-8D11-00A0C91BC942}") = "qTestCase", "qTestCase\qTestCase.vcxproj", "{472E1F04-BE15-4EEC-B6DD-747ADFB4480B}"
EndProject
Project("{8BC9CEB8-8B4A-11D0-8D11-00A0C91BC942}") = "OpenGLLoadModel", "OpenGLLoadModel\OpenGLLoadModel.vcxproj", "{29644A37-A62F-4629-A451-45822C32D81B}"
EndProject
Project("{8BC9CEB8-8B4A-11D0-8D11-00A0C91BC942}") = "qMetaObject", "qMetaObject\qMetaObject.vcxproj", "{65F6D9BE-CF5A-4AE4-9374-68EC2A244B81}"
EndProject
Global
	GlobalSection(SolutionConfigurationPlatforms) = preSolution
		Debug|x64 = Debug|x64
		Debug|x86 = Debug|x86
		Release|x64 = Release|x64
		Release|x86 = Release|x86
	EndGlobalSection
	GlobalSection(ProjectConfigurationPlatforms) = postSolution
		{BF789323-1DA4-4882-9A8A-A9B338835FE9}.Debug|x64.ActiveCfg = Debug|x64
		{BF789323-1DA4-4882-9A8A-A9B338835FE9}.Debug|x64.Build.0 = Debug|x64
		{BF789323-1DA4-4882-9A8A-A9B338835FE9}.Debug|x86.ActiveCfg = Debug|Win32
		{BF789323-1DA4-4882-9A8A-A9B338835FE9}.Debug|x86.Build.0 = Debug|Win32
		{BF789323-1DA4-4882-9A8A-A9B338835FE9}.Release|x64.ActiveCfg = Release|x64
		{BF789323-1DA4-4882-9A8A-A9B338835FE9}.Release|x64.Build.0 = Release|x64
		{BF789323-1DA4-4882-9A8A-A9B338835FE9}.Release|x86.ActiveCfg = Release|Win32
		{BF789323-1DA4-4882-9A8A-A9B338835FE9}.Release|x86.Build.0 = Release|Win32
		{2AFC19DD-09D3-4C59-86C7-80DF93AD5B80}.Debug|x64.ActiveCfg = Debug|x64
		{2AFC19DD-09D3-4C59-86C7-80DF93AD5B80}.Debug|x64.Build.0 = Debug|x64
		{2AFC19DD-09D3-4C59-86C7-80DF93AD5B80}.Debug|x86.ActiveCfg = Debug|Win32
		{2AFC19DD-09D3-4C59-86C7-80DF93AD5B80}.Debug|x86.Build.0 = Debug|Win32
		{2AFC19DD-09D3-4C59-86C7-80DF93AD5B80}.Release|x64.ActiveCfg = Release|x64
		{2AFC19DD-09D3-4C59-86C7-80DF93AD5B80}.Release|x64.Build.0 = Release|x64
		{2AFC19DD-09D3-4C59-86C7-80DF93AD5B80}.Release|x86.ActiveCfg = Release|Win32
		{2AFC19DD-09D3-4C59-86C7-80DF93AD5B80}.Release|x86.Build.0 = Release|Win32
		{8DD0963E-0402-41D8-92DE-0C02101964AF}.Debug|x64.ActiveCfg = Debug|x64
		{8DD0963E-0402-41D8-92DE-0C02101964AF}.Debug|x64.Build.0 = Debug|x64
		{8DD0963E-0402-41D8-92DE-0C02101964AF}.Debug|x86.ActiveCfg = Debug|Win32
		{8DD0963E-0402-41D8-92DE-0C02101964AF}.Debug|x86.Build.0 = Debug|Win32
		{8DD0963E-0402-41D8-92DE-0C02101964AF}.Release|x64.ActiveCfg = Release|x64
		{8DD0963E-0402-41D8-92DE-0C02101964AF}.Release|x64.Build.0 = Release|x64
		{8DD0963E-0402-41D8-92DE-0C02101964AF}.Release|x86.ActiveCfg = Release|Win32
		{8DD0963E-0402-41D8-92DE-0C02101964AF}.Release|x86.Build.0 = Release|Win32
		{40D1CE13-74DD-4501-B6D9-6FA5B6EF43E2}.Debug|x64.ActiveCfg = Debug|x64
		{40D1CE13-74DD-4501-B6D9-6FA5B6EF43E2}.Debug|x64.Build.0 = Debug|x64
		{40D1CE13-74DD-4501-B6D9-6FA5B6EF43E2}.Debug|x86.ActiveCfg = Debug|x64
		{40D1CE13-74DD-4501-B6D9-6FA5B6EF43E2}.Release|x64.ActiveCfg = Release|x64
		{40D1CE13-74DD-4501-B6D9-6FA5B6EF43E2}.Release|x64.Build.0 = Release|x64
		{40D1CE13-74DD-4501-B6D9-6FA5B6EF43E2}.Release|x86.ActiveCfg = Release|x64
		{BA9F3F49-C205-4D73-A460-AFD4B182AF88}.Debug|x64.ActiveCfg = Debug|x64
		{BA9F3F49-C205-4D73-A460-AFD4B182AF88}.Debug|x64.Build.0 = Debug|x64
		{BA9F3F49-C205-4D73-A460-AFD4B182AF88}.Debug|x86.ActiveCfg = Debug|x64
		{BA9F3F49-C205-4D73-A460-AFD4B182AF88}.Release|x64.ActiveCfg = Release|x64
		{BA9F3F49-C205-4D73-A460-AFD4B182AF88}.Release|x64.Build.0 = Release|x64
		{BA9F3F49-C205-4D73-A460-AFD4B182AF88}.Release|x86.ActiveCfg = Release|x64
		{31434E84-969E-479D-9E3D-0DBA15912587}.Debug|x64.ActiveCfg = Debug|x64
		{31434E84-969E-479D-9E3D-0DBA15912587}.Debug|x64.Build.0 = Debug|x64
		{31434E84-969E-479D-9E3D-0DBA15912587}.Debug|x86.ActiveCfg = Debug|x64
		{31434E84-969E-479D-9E3D-0DBA15912587}.Release|x64.ActiveCfg = Release|x64
		{31434E84-969E-479D-9E3D-0DBA15912587}.Release|x64.Build.0 = Release|x64
		{31434E84-969E-479D-9E3D-0DBA15912587}.Release|x86.ActiveCfg = Release|x64
		{16159420-46DB-41B1-B935-B82665E3451C}.Debug|x64.ActiveCfg = Debug|x64
		{16159420-46DB-41B1-B935-B82665E3451C}.Debug|x64.Build.0 = Debug|x64
		{16159420-46DB-41B1-B935-B82665E3451C}.Debug|x86.ActiveCfg = Debug|x64
		{16159420-46DB-41B1-B935-B82665E3451C}.Release|x64.ActiveCfg = Release|x64
		{16159420-46DB-41B1-B935-B82665E3451C}.Release|x64.Build.0 = Release|x64
		{16159420-46DB-41B1-B935-B82665E3451C}.Release|x86.ActiveCfg = Release|x64
		{64EA1044-E590-4C14-B51E-A25320AA09B1}.Debug|x64.ActiveCfg = Debug|x64
		{64EA1044-E590-4C14-B51E-A25320AA09B1}.Debug|x64.Build.0 = Debug|x64
		{64EA1044-E590-4C14-B51E-A25320AA09B1}.Debug|x86.ActiveCfg = Debug|Win32
		{64EA1044-E590-4C14-B51E-A25320AA09B1}.Debug|x86.Build.0 = Debug|Win32
		{64EA1044-E590-4C14-B51E-A25320AA09B1}.Release|x64.ActiveCfg = Release|x64
		{64EA1044-E590-4C14-B51E-A25320AA09B1}.Release|x64.Build.0 = Release|x64
		{64EA1044-E590-4C14-B51E-A25320AA09B1}.Release|x86.ActiveCfg = Release|Win32
		{64EA1044-E590-4C14-B51E-A25320AA09B1}.Release|x86.Build.0 = Release|Win32
		{3AE41B28-2C60-4198-A5CA-91561434FE7B}.Debug|x64.ActiveCfg = Debug|x64
		{3AE41B28-2C60-4198-A5CA-91561434FE7B}.Debug|x64.Build.0 = Debug|x64
		{3AE41B28-2C60-4198-A5CA-91561434FE7B}.Debug|x86.ActiveCfg = Debug|Win32
		{3AE41B28-2C60-4198-A5CA-91561434FE7B}.Debug|x86.Build.0 = Debug|Win32
		{3AE41B28-2C60-4198-A5CA-91561434FE7B}.Release|x64.ActiveCfg = Release|x64
		{3AE41B28-2C60-4198-A5CA-91561434FE7B}.Release|x64.Build.0 = Release|x64
		{3AE41B28-2C60-4198-A5CA-91561434FE7B}.Release|x86.ActiveCfg = Release|Win32
		{3AE41B28-2C60-4198-A5CA-91561434FE7B}.Release|x86.Build.0 = Release|Win32
		{472E1F04-BE15-4EEC-B6DD-747ADFB4480B}.Debug|x64.ActiveCfg = Debug|x64
		{472E1F04-BE15-4EEC-B6DD-747ADFB4480B}.Debug|x64.Build.0 = Debug|x64
		{472E1F04-BE15-4EEC-B6DD-747ADFB4480B}.Debug|x86.ActiveCfg = Debug|x64
		{472E1F04-BE15-4EEC-B6DD-747ADFB4480B}.Release|x64.ActiveCfg = Release|x64
		{472E1F04-BE15-4EEC-B6DD-747ADFB4480B}.Release|x64.Build.0 = Release|x64
		{472E1F04-BE15-4EEC-B6DD-747ADFB4480B}.Release|x86.ActiveCfg = Release|x64
		{29644A37-A62F-4629-A451-45822C32D81B}.Debug|x64.ActiveCfg = Debug|x64
		{29644A37-A62F-4629-A451-45822C32D81B}.Debug|x64.Build.0 = Debug|x64
		{29644A37-A62F-4629-A451-45822C32D81B}.Debug|x86.ActiveCfg = Debug|Win32
		{29644A37-A62F-4629-A451-45822C32D81B}.Debug|x86.Build.0 = Debug|Win32
		{29644A37-A62F-4629-A451-45822C32D81B}.Release|x64.ActiveCfg = Release|x64
		{29644A37-A62F-4629-A451-45822C32D81B}.Release|x64.Build.0 = Release|x64
		{29644A37-A62F-4629-A451-45822C32D81B}.Release|x86.ActiveCfg = Release|Win32
		{29644A37-A62F-4629-A451-45822C32D81B}.Release|x86.Build.0 = Release|Win32
		{65F6D9BE-CF5A-4AE4-9374-68EC2A244B81}.Debug|x64.ActiveCfg = Debug|x64
		{65F6D9BE-CF5A-4AE4-9374-68EC2A244B81}.Debug|x64.Build.0 = Debug|x64
		{65F6D9BE-CF5A-4AE4-9374-68EC2A244B81}.Debug|x86.ActiveCfg = Debug|x64
		{65F6D9BE-CF5A-4AE4-9374-68EC2A244B81}.Release|x64.ActiveCfg = Release|x64
		{65F6D9BE-CF5A-4AE4-9374-68EC2A244B81}.Release|x64.Build.0 = Release|x64
		{65F6D9BE-CF5A-4AE4-9374-68EC2A244B81}.Release|x86.ActiveCfg = Release|x64
	EndGlobalSection
	GlobalSection(SolutionProperties) = preSolution
		HideSolutionNode = FALSE
	EndGlobalSection
	GlobalSection(ExtensibilityGlobals) = postSolution
		Qt5Version = msvc2015_64
		SolutionGuid = {3483F0AD-9B26-40E3-BC0E-5B91A2591B8B}
	EndGlobalSection
EndGlobal
